
Microsoft Visual Studio Solution File, Format Version 12.00
# Visual Studio Version 17
VisualStudioVersion = 17.2.32616.157
MinimumVisualStudioVersion = 10.0.40219.1
Project("{FAE04EC0-301F-11D3-BF4B-00C04F79EFBC}") = "Practica_Inicial", "Practica_Inicial\Practica_Inicial.csproj", "{002C693B-1B5A-4DE1-BAF1-728E5828EA88}"
EndProject
Global
	GlobalSection(SolutionConfigurationPlatforms) = preSolution
		Debug|Any CPU = Debug|Any CPU
		Release|Any CPU = Release|Any CPU
	EndGlobalSection
	GlobalSection(ProjectConfigurationPlatforms) = postSolution
		{002C693B-1B5A-4DE1-BAF1-728E5828EA88}.Debug|Any CPU.ActiveCfg = Debug|Any CPU
		{002C693B-1B5A-4DE1-BAF1-728E5828EA88}.Debug|Any CPU.Build.0 = Debug|Any CPU
		{002C693B-1B5A-4DE1-BAF1-728E5828EA88}.Release|Any CPU.ActiveCfg = Release|Any CPU
		{002C693B-1B5A-4DE1-BAF1-728E5828EA88}.Release|Any CPU.Build.0 = Release|Any CPU
	EndGlobalSection
	GlobalSection(SolutionProperties) = preSolution
		HideSolutionNode = FALSE
	EndGlobalSection
	GlobalSection(ExtensibilityGlobals) = postSolution
		SolutionGuid = {4C88878A-E0F9-44F0-BEFE-2A7E50C99A36}
	EndGlobalSection
EndGlobal
